
Microsoft Visual Studio Solution File, Format Version 12.00
# Visual Studio 14
VisualStudioVersion = 14.0.25123.0
MinimumVisualStudioVersion = 10.0.40219.1
Project("{8BC9CEB8-8B4A-11D0-8D11-00A0C91BC942}") = "p1", "p1\p1.vcxproj", "{237964D7-DC36-4B01-9EDC-6115F98EF46E}"
EndProject
Project("{8BC9CEB8-8B4A-11D0-8D11-00A0C91BC942}") = "p2", "p2\p2.vcxproj", "{E886C727-993F-4A0E-AA35-4E83A784F1D5}"
EndProject
Project("{8BC9CEB8-8B4A-11D0-8D11-00A0C91BC942}") = "p3", "p3\p3.vcxproj", "{5CBDB2AA-9B6D-437E-9096-DD9CFD86504A}"
EndProject
Project("{8BC9CEB8-8B4A-11D0-8D11-00A0C91BC942}") = "p4", "p4\p4.vcxproj", "{16F6EFEE-5949-4451-B13A-945013A415A8}"
EndProject
Project("{8BC9CEB8-8B4A-11D0-8D11-00A0C91BC942}") = "p5", "p5\p5.vcxproj", "{A0F0E714-56D2-4542-84EF-CABAF101FCE0}"
EndProject
Project("{8BC9CEB8-8B4A-11D0-8D11-00A0C91BC942}") = "p6", "p6\p6.vcxproj", "{6F6FC84F-73C8-4F60-AA55-DE65EF149810}"
EndProject
Project("{8BC9CEB8-8B4A-11D0-8D11-00A0C91BC942}") = "p7", "p7\p7.vcxproj", "{73C120F2-CA7F-46C8-8E90-F2D1BFA6C7D4}"
EndProject
Project("{8BC9CEB8-8B4A-11D0-8D11-00A0C91BC942}") = "p8", "p8\p8.vcxproj", "{41B7B209-CB46-41EF-8405-7B2636C71286}"
EndProject
Project("{8BC9CEB8-8B4A-11D0-8D11-00A0C91BC942}") = "p9", "p9\p9.vcxproj", "{B6735821-7A1B-4E1D-8D07-391E02F3E850}"
EndProject
Project("{8BC9CEB8-8B4A-11D0-8D11-00A0C91BC942}") = "p10", "p10\p10.vcxproj", "{7DA90C2C-B4D1-4637-882B-98C8B8A85475}"
EndProject
Global
	GlobalSection(SolutionConfigurationPlatforms) = preSolution
		Debug|x64 = Debug|x64
		Debug|x86 = Debug|x86
		Release|x64 = Release|x64
		Release|x86 = Release|x86
	EndGlobalSection
	GlobalSection(ProjectConfigurationPlatforms) = postSolution
		{237964D7-DC36-4B01-9EDC-6115F98EF46E}.Debug|x64.ActiveCfg = Debug|x64
		{237964D7-DC36-4B01-9EDC-6115F98EF46E}.Debug|x64.Build.0 = Debug|x64
		{237964D7-DC36-4B01-9EDC-6115F98EF46E}.Debug|x86.ActiveCfg = Debug|Win32
		{237964D7-DC36-4B01-9EDC-6115F98EF46E}.Debug|x86.Build.0 = Debug|Win32
		{237964D7-DC36-4B01-9EDC-6115F98EF46E}.Release|x64.ActiveCfg = Release|x64
		{237964D7-DC36-4B01-9EDC-6115F98EF46E}.Release|x64.Build.0 = Release|x64
		{237964D7-DC36-4B01-9EDC-6115F98EF46E}.Release|x86.ActiveCfg = Release|Win32
		{237964D7-DC36-4B01-9EDC-6115F98EF46E}.Release|x86.Build.0 = Release|Win32
		{E886C727-993F-4A0E-AA35-4E83A784F1D5}.Debug|x64.ActiveCfg = Debug|x64
		{E886C727-993F-4A0E-AA35-4E83A784F1D5}.Debug|x64.Build.0 = Debug|x64
		{E886C727-993F-4A0E-AA35-4E83A784F1D5}.Debug|x86.ActiveCfg = Debug|Win32
		{E886C727-993F-4A0E-AA35-4E83A784F1D5}.Debug|x86.Build.0 = Debug|Win32
		{E886C727-993F-4A0E-AA35-4E83A784F1D5}.Release|x64.ActiveCfg = Release|x64
		{E886C727-993F-4A0E-AA35-4E83A784F1D5}.Release|x64.Build.0 = Release|x64
		{E886C727-993F-4A0E-AA35-4E83A784F1D5}.Release|x86.ActiveCfg = Release|Win32
		{E886C727-993F-4A0E-AA35-4E83A784F1D5}.Release|x86.Build.0 = Release|Win32
		{5CBDB2AA-9B6D-437E-9096-DD9CFD86504A}.Debug|x64.ActiveCfg = Debug|x64
		{5CBDB2AA-9B6D-437E-9096-DD9CFD86504A}.Debug|x64.Build.0 = Debug|x64
		{5CBDB2AA-9B6D-437E-9096-DD9CFD86504A}.Debug|x86.ActiveCfg = Debug|Win32
		{5CBDB2AA-9B6D-437E-9096-DD9CFD86504A}.Debug|x86.Build.0 = Debug|Win32
		{5CBDB2AA-9B6D-437E-9096-DD9CFD86504A}.Release|x64.ActiveCfg = Release|x64
		{5CBDB2AA-9B6D-437E-9096-DD9CFD86504A}.Release|x64.Build.0 = Release|x64
		{5CBDB2AA-9B6D-437E-9096-DD9CFD86504A}.Release|x86.ActiveCfg = Release|Win32
		{5CBDB2AA-9B6D-437E-9096-DD9CFD86504A}.Release|x86.Build.0 = Release|Win32
		{16F6EFEE-5949-4451-B13A-945013A415A8}.Debug|x64.ActiveCfg = Debug|x64
		{16F6EFEE-5949-4451-B13A-945013A415A8}.Debug|x64.Build.0 = Debug|x64
		{16F6EFEE-5949-4451-B13A-945013A415A8}.Debug|x86.ActiveCfg = Debug|Win32
		{16F6EFEE-5949-4451-B13A-945013A415A8}.Debug|x86.Build.0 = Debug|Win32
		{16F6EFEE-5949-4451-B13A-945013A415A8}.Release|x64.ActiveCfg = Release|x64
		{16F6EFEE-5949-4451-B13A-945013A415A8}.Release|x64.Build.0 = Release|x64
		{16F6EFEE-5949-4451-B13A-945013A415A8}.Release|x86.ActiveCfg = Release|Win32
		{16F6EFEE-5949-4451-B13A-945013A415A8}.Release|x86.Build.0 = Release|Win32
		{A0F0E714-56D2-4542-84EF-CABAF101FCE0}.Debug|x64.ActiveCfg = Debug|x64
		{A0F0E714-56D2-4542-84EF-CABAF101FCE0}.Debug|x64.Build.0 = Debug|x64
		{A0F0E714-56D2-4542-84EF-CABAF101FCE0}.Debug|x86.ActiveCfg = Debug|Win32
		{A0F0E714-56D2-4542-84EF-CABAF101FCE0}.Debug|x86.Build.0 = Debug|Win32
		{A0F0E714-56D2-4542-84EF-CABAF101FCE0}.Release|x64.ActiveCfg = Release|x64
		{A0F0E714-56D2-4542-84EF-CABAF101FCE0}.Release|x64.Build.0 = Release|x64
		{A0F0E714-56D2-4542-84EF-CABAF101FCE0}.Release|x86.ActiveCfg = Release|Win32
		{A0F0E714-56D2-4542-84EF-CABAF101FCE0}.Release|x86.Build.0 = Release|Win32
		{6F6FC84F-73C8-4F60-AA55-DE65EF149810}.Debug|x64.ActiveCfg = Debug|x64
		{6F6FC84F-73C8-4F60-AA55-DE65EF149810}.Debug|x64.Build.0 = Debug|x64
		{6F6FC84F-73C8-4F60-AA55-DE65EF149810}.Debug|x86.ActiveCfg = Debug|Win32
		{6F6FC84F-73C8-4F60-AA55-DE65EF149810}.Debug|x86.Build.0 = Debug|Win32
		{6F6FC84F-73C8-4F60-AA55-DE65EF149810}.Release|x64.ActiveCfg = Release|x64
		{6F6FC84F-73C8-4F60-AA55-DE65EF149810}.Release|x64.Build.0 = Release|x64
		{6F6FC84F-73C8-4F60-AA55-DE65EF149810}.Release|x86.ActiveCfg = Release|Win32
		{6F6FC84F-73C8-4F60-AA55-DE65EF149810}.Release|x86.Build.0 = Release|Win32
		{73C120F2-CA7F-46C8-8E90-F2D1BFA6C7D4}.Debug|x64.ActiveCfg = Debug|x64
		{73C120F2-CA7F-46C8-8E90-F2D1BFA6C7D4}.Debug|x64.Build.0 = Debug|x64
		{73C120F2-CA7F-46C8-8E90-F2D1BFA6C7D4}.Debug|x86.ActiveCfg = Debug|Win32
		{73C120F2-CA7F-46C8-8E90-F2D1BFA6C7D4}.Debug|x86.Build.0 = Debug|Win32
		{73C120F2-CA7F-46C8-8E90-F2D1BFA6C7D4}.Release|x64.ActiveCfg = Release|x64
		{73C120F2-CA7F-46C8-8E90-F2D1BFA6C7D4}.Release|x64.Build.0 = Release|x64
		{73C120F2-CA7F-46C8-8E90-F2D1BFA6C7D4}.Release|x86.ActiveCfg = Release|Win32
		{73C120F2-CA7F-46C8-8E90-F2D1BFA6C7D4}.Release|x86.Build.0 = Release|Win32
		{41B7B209-CB46-41EF-8405-7B2636C71286}.Debug|x64.ActiveCfg = Debug|x64
		{41B7B209-CB46-41EF-8405-7B2636C71286}.Debug|x64.Build.0 = Debug|x64
		{41B7B209-CB46-41EF-8405-7B2636C71286}.Debug|x86.ActiveCfg = Debug|Win32
		{41B7B209-CB46-41EF-8405-7B2636C71286}.Debug|x86.Build.0 = Debug|Win32
		{41B7B209-CB46-41EF-8405-7B2636C71286}.Release|x64.ActiveCfg = Release|x64
		{41B7B209-CB46-41EF-8405-7B2636C71286}.Release|x64.Build.0 = Release|x64
		{41B7B209-CB46-41EF-8405-7B2636C71286}.Release|x86.ActiveCfg = Release|Win32
		{41B7B209-CB46-41EF-8405-7B2636C71286}.Release|x86.Build.0 = Release|Win32
		{B6735821-7A1B-4E1D-8D07-391E02F3E850}.Debug|x64.ActiveCfg = Debug|x64
		{B6735821-7A1B-4E1D-8D07-391E02F3E850}.Debug|x64.Build.0 = Debug|x64
		{B6735821-7A1B-4E1D-8D07-391E02F3E850}.Debug|x86.ActiveCfg = Debug|Win32
		{B6735821-7A1B-4E1D-8D07-391E02F3E850}.Debug|x86.Build.0 = Debug|Win32
		{B6735821-7A1B-4E1D-8D07-391E02F3E850}.Release|x64.ActiveCfg = Release|x64
		{B6735821-7A1B-4E1D-8D07-391E02F3E850}.Release|x64.Build.0 = Release|x64
		{B6735821-7A1B-4E1D-8D07-391E02F3E850}.Release|x86.ActiveCfg = Release|Win32
		{B6735821-7A1B-4E1D-8D07-391E02F3E850}.Release|x86.Build.0 = Release|Win32
		{7DA90C2C-B4D1-4637-882B-98C8B8A85475}.Debug|x64.ActiveCfg = Debug|x64
		{7DA90C2C-B4D1-4637-882B-98C8B8A85475}.Debug|x64.Build.0 = Debug|x64
		{7DA90C2C-B4D1-4637-882B-98C8B8A85475}.Debug|x86.ActiveCfg = Debug|Win32
		{7DA90C2C-B4D1-4637-882B-98C8B8A85475}.Debug|x86.Build.0 = Debug|Win32
		{7DA90C2C-B4D1-4637-882B-98C8B8A85475}.Release|x64.ActiveCfg = Release|x64
		{7DA90C2C-B4D1-4637-882B-98C8B8A85475}.Release|x64.Build.0 = Release|x64
		{7DA90C2C-B4D1-4637-882B-98C8B8A85475}.Release|x86.ActiveCfg = Release|Win32
		{7DA90C2C-B4D1-4637-882B-98C8B8A85475}.Release|x86.Build.0 = Release|Win32
	EndGlobalSection
	GlobalSection(SolutionProperties) = preSolution
		HideSolutionNode = FALSE
	EndGlobalSection
EndGlobal
